
Microsoft Visual Studio Solution File, Format Version 12.00
# Visual Studio Version 16
VisualStudioVersion = 16.0.31729.503
MinimumVisualStudioVersion = 10.0.40219.1
Project("{FAE04EC0-301F-11D3-BF4B-00C04F79EFBC}") = "Marginean_Catalin_Lab8", "Marginean_Catalin_Lab8.csproj", "{9A85F64D-76A4-467C-A968-D548FB9B5999}"
EndProject
Global
	GlobalSection(SolutionConfigurationPlatforms) = preSolution
		Debug|Any CPU = Debug|Any CPU
		Release|Any CPU = Release|Any CPU
	EndGlobalSection
	GlobalSection(ProjectConfigurationPlatforms) = postSolution
		{9A85F64D-76A4-467C-A968-D548FB9B5999}.Debug|Any CPU.ActiveCfg = Debug|Any CPU
		{9A85F64D-76A4-467C-A968-D548FB9B5999}.Debug|Any CPU.Build.0 = Debug|Any CPU
		{9A85F64D-76A4-467C-A968-D548FB9B5999}.Release|Any CPU.ActiveCfg = Release|Any CPU
		{9A85F64D-76A4-467C-A968-D548FB9B5999}.Release|Any CPU.Build.0 = Release|Any CPU
	EndGlobalSection
	GlobalSection(SolutionProperties) = preSolution
		HideSolutionNode = FALSE
	EndGlobalSection
	GlobalSection(ExtensibilityGlobals) = postSolution
		SolutionGuid = {BA26E30D-D9F0-41A2-9E85-643467EC8ED9}
	EndGlobalSection
EndGlobal
